github.com/chai2010/webp v1.4.0 h1:6DA2pkkRUPnbOHvvsmGI3He1hBKf/bkRlniAiSGuEko=
github.com/chai2010/webp v1.4.0/go.mod h1:0XVwvZWdjjdxpUEIf7b9g9VkHFnInUSYujwqTLEuldU=
golang.org/x/image v0.28.0 h1:gdem5JW1OLS4FbkWgLO+7ZeFzYtL3xClb97GaUzYMFE=
golang.org/x/image v0.28.0/go.mod h1:GUJYXtnGKEUgggyzh+Vxt+AviiCcyiwpsl8iQ8MvwGY=
